
Microsoft Visual Studio Solution File, Format Version 12.00
# Visual Studio Version 17
VisualStudioVersion = 17.2.32526.322
MinimumVisualStudioVersion = 10.0.40219.1
Project("{9A19103F-16F7-4668-BE54-9A1E7A4F7556}") = "HouseRentingSystem", "HouseRentingSystem\HouseRentingSystem.csproj", "{64D0E171-7D99-4676-AE1F-979CB3E6F435}"
EndProject
Project("{9A19103F-16F7-4668-BE54-9A1E7A4F7556}") = "HouseRentingSystem.Infrastructure", "HouseRentingSystem.Infrastructure\HouseRentingSystem.Infrastructure.csproj", "{BEFB50F7-6AE1-4EA3-A837-6B50B5696DAB}"
EndProject
Project("{9A19103F-16F7-4668-BE54-9A1E7A4F7556}") = "HouseRentingSystem.Core", "HouseRentingSystem.Core\HouseRentingSystem.Core.csproj", "{986DD4C0-E8C5-41A6-89D5-ACB54AE4FB88}"
EndProject
Project("{2150E333-8FDC-42A3-9474-1A3956D46DE8}") = "Solution Items", "Solution Items", "{C9147258-A93A-47CD-A5E2-59CFA4B9C3BC}"
	ProjectSection(SolutionItems) = preProject
		Readme.md = Readme.md
	EndProjectSection
EndProject
Project("{FAE04EC0-301F-11D3-BF4B-00C04F79EFBC}") = "HouseRentingSystem.UnitTests", "HouseRentingSystem.UnitTests\HouseRentingSystem.UnitTests.csproj", "{488C5A0B-D33B-4DFE-8369-3AFF8EF276A3}"
EndProject
Project("{FAE04EC0-301F-11D3-BF4B-00C04F79EFBC}") = "HouseRentingSystem.WebApi", "HouseRentingSystem.WebApi\HouseRentingSystem.WebApi.csproj", "{644CCE70-17FF-432B-98F8-506E715C3CBD}"
EndProject
Global
	GlobalSection(SolutionConfigurationPlatforms) = preSolution
		Debug|Any CPU = Debug|Any CPU
		Release|Any CPU = Release|Any CPU
	EndGlobalSection
	GlobalSection(ProjectConfigurationPlatforms) = postSolution
		{64D0E171-7D99-4676-AE1F-979CB3E6F435}.Debug|Any CPU.ActiveCfg = Debug|Any CPU
		{64D0E171-7D99-4676-AE1F-979CB3E6F435}.Debug|Any CPU.Build.0 = Debug|Any CPU
		{64D0E171-7D99-4676-AE1F-979CB3E6F435}.Release|Any CPU.ActiveCfg = Release|Any CPU
		{64D0E171-7D99-4676-AE1F-979CB3E6F435}.Release|Any CPU.Build.0 = Release|Any CPU
		{BEFB50F7-6AE1-4EA3-A837-6B50B5696DAB}.Debug|Any CPU.ActiveCfg = Debug|Any CPU
		{BEFB50F7-6AE1-4EA3-A837-6B50B5696DAB}.Debug|Any CPU.Build.0 = Debug|Any CPU
		{BEFB50F7-6AE1-4EA3-A837-6B50B5696DAB}.Release|Any CPU.ActiveCfg = Release|Any CPU
		{BEFB50F7-6AE1-4EA3-A837-6B50B5696DAB}.Release|Any CPU.Build.0 = Release|Any CPU
		{986DD4C0-E8C5-41A6-89D5-ACB54AE4FB88}.Debug|Any CPU.ActiveCfg = Debug|Any CPU
		{986DD4C0-E8C5-41A6-89D5-ACB54AE4FB88}.Debug|Any CPU.Build.0 = Debug|Any CPU
		{986DD4C0-E8C5-41A6-89D5-ACB54AE4FB88}.Release|Any CPU.ActiveCfg = Release|Any CPU
		{986DD4C0-E8C5-41A6-89D5-ACB54AE4FB88}.Release|Any CPU.Build.0 = Release|Any CPU
		{488C5A0B-D33B-4DFE-8369-3AFF8EF276A3}.Debug|Any CPU.ActiveCfg = Debug|Any CPU
		{488C5A0B-D33B-4DFE-8369-3AFF8EF276A3}.Debug|Any CPU.Build.0 = Debug|Any CPU
		{488C5A0B-D33B-4DFE-8369-3AFF8EF276A3}.Release|Any CPU.ActiveCfg = Release|Any CPU
		{488C5A0B-D33B-4DFE-8369-3AFF8EF276A3}.Release|Any CPU.Build.0 = Release|Any CPU
		{644CCE70-17FF-432B-98F8-506E715C3CBD}.Debug|Any CPU.ActiveCfg = Debug|Any CPU
		{644CCE70-17FF-432B-98F8-506E715C3CBD}.Debug|Any CPU.Build.0 = Debug|Any CPU
		{644CCE70-17FF-432B-98F8-506E715C3CBD}.Release|Any CPU.ActiveCfg = Release|Any CPU
		{644CCE70-17FF-432B-98F8-506E715C3CBD}.Release|Any CPU.Build.0 = Release|Any CPU
	EndGlobalSection
	GlobalSection(SolutionProperties) = preSolution
		HideSolutionNode = FALSE
	EndGlobalSection
	GlobalSection(ExtensibilityGlobals) = postSolution
		SolutionGuid = {BAD2B6C4-971E-4F5B-8609-76BD96D8013F}
	EndGlobalSection
EndGlobal
